// !$*UTF8*$!
{
	archiveVersion = 1;
	classes = {
	};
	objectVersion = 46;
	objects = {

/* Begin PBXBuildFile section */
		084C26B326BB4EEABEE6363C /* Pods_ios_rakuten_api_demo.framework in Frameworks */ = {isa = PBXBuildFile; fileRef = 2167132C73FC378CA3CB6429 /* Pods_ios_rakuten_api_demo.framework */; };
		BC0716D21E565A8100FED2F4 /* AppDelegate.swift in Sources */ = {isa = PBXBuildFile; fileRef = BC0716D11E565A8100FED2F4 /* AppDelegate.swift */; };
		BC0716D41E565A8100FED2F4 /* ViewController.swift in Sources */ = {isa = PBXBuildFile; fileRef = BC0716D31E565A8100FED2F4 /* ViewController.swift */; };
		BC0716D71E565A8100FED2F4 /* Main.storyboard in Resources */ = {isa = PBXBuildFile; fileRef = BC0716D51E565A8100FED2F4 /* Main.storyboard */; };
		BC0716D91E565A8100FED2F4 /* Assets.xcassets in Resources */ = {isa = PBXBuildFile; fileRef = BC0716D81E565A8100FED2F4 /* Assets.xcassets */; };
		BC0716DC1E565A8100FED2F4 /* LaunchScreen.storyboard in Resources */ = {isa = PBXBuildFile; fileRef = BC0716DA1E565A8100FED2F4 /* LaunchScreen.storyboard */; };
		BC0716F31E565C1900FED2F4 /* APIClient.swift in Sources */ = {isa = PBXBuildFile; fileRef = BC0716F21E565C1900FED2F4 /* APIClient.swift */; };
		BC0716F51E565C4200FED2F4 /* NetworkManager.swift in Sources */ = {isa = PBXBuildFile; fileRef = BC0716F41E565C4200FED2F4 /* NetworkManager.swift */; };
		BC0716F71E565C6C00FED2F4 /* Router.swift in Sources */ = {isa = PBXBuildFile; fileRef = BC0716F61E565C6C00FED2F4 /* Router.swift */; };
		BC0716FD1E565D5E00FED2F4 /* RouterTest.swift in Sources */ = {isa = PBXBuildFile; fileRef = BC0716FC1E565D5E00FED2F4 /* RouterTest.swift */; };
		BC0716FF1E5660FD00FED2F4 /* NetworkManagerTest.swift in Sources */ = {isa = PBXBuildFile; fileRef = BC0716FE1E5660FD00FED2F4 /* NetworkManagerTest.swift */; };
		BC4892241E5688E300088AC7 /* BookItem.swift in Sources */ = {isa = PBXBuildFile; fileRef = BC4892211E5688E300088AC7 /* BookItem.swift */; };
		BC4892251E5688E300088AC7 /* BooksBookSearchParamsBuilder.swift in Sources */ = {isa = PBXBuildFile; fileRef = BC4892221E5688E300088AC7 /* BooksBookSearchParamsBuilder.swift */; };
		BC4892261E5688E300088AC7 /* BooksBookSearchResults.swift in Sources */ = {isa = PBXBuildFile; fileRef = BC4892231E5688E300088AC7 /* BooksBookSearchResults.swift */; };
		BC48922B1E56891800088AC7 /* BookItemTest.swift in Sources */ = {isa = PBXBuildFile; fileRef = BC4892271E56891800088AC7 /* BookItemTest.swift */; };
		BC48922C1E56891800088AC7 /* booksbook_search.json in Resources */ = {isa = PBXBuildFile; fileRef = BC4892281E56891800088AC7 /* booksbook_search.json */; };
		BC48922D1E56891800088AC7 /* BooksBookSearchResultsTest.swift in Sources */ = {isa = PBXBuildFile; fileRef = BC4892291E56891800088AC7 /* BooksBookSearchResultsTest.swift */; };
		BC48922E1E56891800088AC7 /* MocBooksBookList.swift in Sources */ = {isa = PBXBuildFile; fileRef = BC48922A1E56891800088AC7 /* MocBooksBookList.swift */; };
		BC4892301E568A5F00088AC7 /* BooksBookSearchParamsBuilderTests.swift in Sources */ = {isa = PBXBuildFile; fileRef = BC48922F1E568A5F00088AC7 /* BooksBookSearchParamsBuilderTests.swift */; };
		BCC3F54D1E56B00100BC1B62 /* SpyBookTotalSearchAPILoadable.swift in Sources */ = {isa = PBXBuildFile; fileRef = BCC3F54C1E56B00100BC1B62 /* SpyBookTotalSearchAPILoadable.swift */; };
		BCC3F5501E56B06400BC1B62 /* BooksBookSearchAPITests.swift in Sources */ = {isa = PBXBuildFile; fileRef = BCC3F54F1E56B06400BC1B62 /* BooksBookSearchAPITests.swift */; };
		BCE10C8C1E56ACB800A1AF3D /* BooksBookSearchLoadable.swift in Sources */ = {isa = PBXBuildFile; fileRef = BCE10C8B1E56ACB800A1AF3D /* BooksBookSearchLoadable.swift */; };
		BCE10C8E1E56AD4100A1AF3D /* BooksBookSearchAPI.swift in Sources */ = {isa = PBXBuildFile; fileRef = BCE10C8D1E56AD4100A1AF3D /* BooksBookSearchAPI.swift */; };
		C36EE97A00AC15EF1FAB6D21 /* Pods_ios_rakuten_api_demoTests.framework in Frameworks */ = {isa = PBXBuildFile; fileRef = CB6263609ABA885E0000C153 /* Pods_ios_rakuten_api_demoTests.framework */; };
/* End PBXBuildFile section */

/* Begin PBXContainerItemProxy section */
		BC0716E31E565A8100FED2F4 /* PBXContainerItemProxy */ = {
			isa = PBXContainerItemProxy;
			containerPortal = BC0716C61E565A8100FED2F4 /* Project object */;
			proxyType = 1;
			remoteGlobalIDString = BC0716CD1E565A8100FED2F4;
			remoteInfo = "ios-rakuten-api-demo";
		};
/* End PBXContainerItemProxy section */

/* Begin PBXFileReference section */
		03E1DC958F5C602B58AB3D69 /* Pods-ios-rakuten-api-demoTests.debug.xcconfig */ = {isa = PBXFileReference; includeInIndex = 1; lastKnownFileType = text.xcconfig; name = "Pods-ios-rakuten-api-demoTests.debug.xcconfig"; path = "Pods/Target Support Files/Pods-ios-rakuten-api-demoTests/Pods-ios-rakuten-api-demoTests.debug.xcconfig"; sourceTree = "<group>"; };
		2167132C73FC378CA3CB6429 /* Pods_ios_rakuten_api_demo.framework */ = {isa = PBXFileReference; explicitFileType = wrapper.framework; includeInIndex = 0; path = Pods_ios_rakuten_api_demo.framework; sourceTree = BUILT_PRODUCTS_DIR; };
		73C07387EE2C2EC8BE2ED676 /* Pods-ios-rakuten-api-demo.debug.xcconfig */ = {isa = PBXFileReference; includeInIndex = 1; lastKnownFileType = text.xcconfig; name = "Pods-ios-rakuten-api-demo.debug.xcconfig"; path = "Pods/Target Support Files/Pods-ios-rakuten-api-demo/Pods-ios-rakuten-api-demo.debug.xcconfig"; sourceTree = "<group>"; };
		942EF014B934E2377ABEF38E /* Pods-ios-rakuten-api-demo.release.xcconfig */ = {isa = PBXFileReference; includeInIndex = 1; lastKnownFileType = text.xcconfig; name = "Pods-ios-rakuten-api-demo.release.xcconfig"; path = "Pods/Target Support Files/Pods-ios-rakuten-api-demo/Pods-ios-rakuten-api-demo.release.xcconfig"; sourceTree = "<group>"; };
		BC0716CE1E565A8100FED2F4 /* ios-rakuten-api-demo.app */ = {isa = PBXFileReference; explicitFileType = wrapper.application; includeInIndex = 0; path = "ios-rakuten-api-demo.app"; sourceTree = BUILT_PRODUCTS_DIR; };
		BC0716D11E565A8100FED2F4 /* AppDelegate.swift */ = {isa = PBXFileReference; lastKnownFileType = sourcecode.swift; path = AppDelegate.swift; sourceTree = "<group>"; };
		BC0716D31E565A8100FED2F4 /* ViewController.swift */ = {isa = PBXFileReference; lastKnownFileType = sourcecode.swift; path = ViewController.swift; sourceTree = "<group>"; };
		BC0716D61E565A8100FED2F4 /* Base */ = {isa = PBXFileReference; lastKnownFileType = file.storyboard; name = Base; path = Base.lproj/Main.storyboard; sourceTree = "<group>"; };
		BC0716D81E565A8100FED2F4 /* Assets.xcassets */ = {isa = PBXFileReference; lastKnownFileType = folder.assetcatalog; path = Assets.xcassets; sourceTree = "<group>"; };
		BC0716DB1E565A8100FED2F4 /* Base */ = {isa = PBXFileReference; lastKnownFileType = file.storyboard; name = Base; path = Base.lproj/LaunchScreen.storyboard; sourceTree = "<group>"; };
		BC0716DD1E565A8100FED2F4 /* Info.plist */ = {isa = PBXFileReference; lastKnownFileType = text.plist.xml; path = Info.plist; sourceTree = "<group>"; };
		BC0716E21E565A8100FED2F4 /* ios-rakuten-api-demoTests.xctest */ = {isa = PBXFileReference; explicitFileType = wrapper.cfbundle; includeInIndex = 0; path = "ios-rakuten-api-demoTests.xctest"; sourceTree = BUILT_PRODUCTS_DIR; };
		BC0716E81E565A8100FED2F4 /* Info.plist */ = {isa = PBXFileReference; lastKnownFileType = text.plist.xml; path = Info.plist; sourceTree = "<group>"; };
		BC0716F21E565C1900FED2F4 /* APIClient.swift */ = {isa = PBXFileReference; fileEncoding = 4; lastKnownFileType = sourcecode.swift; path = APIClient.swift; sourceTree = "<group>"; };
		BC0716F41E565C4200FED2F4 /* NetworkManager.swift */ = {isa = PBXFileReference; fileEncoding = 4; lastKnownFileType = sourcecode.swift; path = NetworkManager.swift; sourceTree = "<group>"; };
		BC0716F61E565C6C00FED2F4 /* Router.swift */ = {isa = PBXFileReference; fileEncoding = 4; lastKnownFileType = sourcecode.swift; path = Router.swift; sourceTree = "<group>"; };
		BC0716FC1E565D5E00FED2F4 /* RouterTest.swift */ = {isa = PBXFileReference; fileEncoding = 4; lastKnownFileType = sourcecode.swift; path = RouterTest.swift; sourceTree = "<group>"; };
		BC0716FE1E5660FD00FED2F4 /* NetworkManagerTest.swift */ = {isa = PBXFileReference; fileEncoding = 4; lastKnownFileType = sourcecode.swift; path = NetworkManagerTest.swift; sourceTree = "<group>"; };
		BC4892211E5688E300088AC7 /* BookItem.swift */ = {isa = PBXFileReference; fileEncoding = 4; lastKnownFileType = sourcecode.swift; path = BookItem.swift; sourceTree = "<group>"; };
		BC4892221E5688E300088AC7 /* BooksBookSearchParamsBuilder.swift */ = {isa = PBXFileReference; fileEncoding = 4; lastKnownFileType = sourcecode.swift; path = BooksBookSearchParamsBuilder.swift; sourceTree = "<group>"; };
		BC4892231E5688E300088AC7 /* BooksBookSearchResults.swift */ = {isa = PBXFileReference; fileEncoding = 4; lastKnownFileType = sourcecode.swift; path = BooksBookSearchResults.swift; sourceTree = "<group>"; };
		BC4892271E56891800088AC7 /* BookItemTest.swift */ = {isa = PBXFileReference; fileEncoding = 4; lastKnownFileType = sourcecode.swift; path = BookItemTest.swift; sourceTree = "<group>"; };
		BC4892281E56891800088AC7 /* booksbook_search.json */ = {isa = PBXFileReference; fileEncoding = 4; lastKnownFileType = text.json; path = booksbook_search.json; sourceTree = "<group>"; };
		BC4892291E56891800088AC7 /* BooksBookSearchResultsTest.swift */ = {isa = PBXFileReference; fileEncoding = 4; lastKnownFileType = sourcecode.swift; path = BooksBookSearchResultsTest.swift; sourceTree = "<group>"; };
		BC48922A1E56891800088AC7 /* MocBooksBookList.swift */ = {isa = PBXFileReference; fileEncoding = 4; lastKnownFileType = sourcecode.swift; path = MocBooksBookList.swift; sourceTree = "<group>"; };
		BC48922F1E568A5F00088AC7 /* BooksBookSearchParamsBuilderTests.swift */ = {isa = PBXFileReference; fileEncoding = 4; lastKnownFileType = sourcecode.swift; path = BooksBookSearchParamsBuilderTests.swift; sourceTree = "<group>"; };
		BCC3F54C1E56B00100BC1B62 /* SpyBookTotalSearchAPILoadable.swift */ = {isa = PBXFileReference; fileEncoding = 4; lastKnownFileType = sourcecode.swift; path = SpyBookTotalSearchAPILoadable.swift; sourceTree = "<group>"; };
		BCC3F54F1E56B06400BC1B62 /* BooksBookSearchAPITests.swift */ = {isa = PBXFileReference; fileEncoding = 4; lastKnownFileType = sourcecode.swift; path = BooksBookSearchAPITests.swift; sourceTree = "<group>"; };
		BCE10C8B1E56ACB800A1AF3D /* BooksBookSearchLoadable.swift */ = {isa = PBXFileReference; fileEncoding = 4; lastKnownFileType = sourcecode.swift; path = BooksBookSearchLoadable.swift; sourceTree = "<group>"; };
		BCE10C8D1E56AD4100A1AF3D /* BooksBookSearchAPI.swift */ = {isa = PBXFileReference; fileEncoding = 4; lastKnownFileType = sourcecode.swift; path = BooksBookSearchAPI.swift; sourceTree = "<group>"; };
		C5A2942E7D629F7AF99DFB02 /* Pods-ios-rakuten-api-demoTests.release.xcconfig */ = {isa = PBXFileReference; includeInIndex = 1; lastKnownFileType = text.xcconfig; name = "Pods-ios-rakuten-api-demoTests.release.xcconfig"; path = "Pods/Target Support Files/Pods-ios-rakuten-api-demoTests/Pods-ios-rakuten-api-demoTests.release.xcconfig"; sourceTree = "<group>"; };
		CB6263609ABA885E0000C153 /* Pods_ios_rakuten_api_demoTests.framework */ = {isa = PBXFileReference; explicitFileType = wrapper.framework; includeInIndex = 0; path = Pods_ios_rakuten_api_demoTests.framework; sourceTree = BUILT_PRODUCTS_DIR; };
/* End PBXFileReference section */

/* Begin PBXFrameworksBuildPhase section */
		BC0716CB1E565A8100FED2F4 /* Frameworks */ = {
			isa = PBXFrameworksBuildPhase;
			buildActionMask = 2147483647;
			files = (
				084C26B326BB4EEABEE6363C /* Pods_ios_rakuten_api_demo.framework in Frameworks */,
			);
			runOnlyForDeploymentPostprocessing = 0;
		};
		BC0716DF1E565A8100FED2F4 /* Frameworks */ = {
			isa = PBXFrameworksBuildPhase;
			buildActionMask = 2147483647;
			files = (
				C36EE97A00AC15EF1FAB6D21 /* Pods_ios_rakuten_api_demoTests.framework in Frameworks */,
			);
			runOnlyForDeploymentPostprocessing = 0;
		};
/* End PBXFrameworksBuildPhase section */

/* Begin PBXGroup section */
		6CFA32617C5078630AC627CC /* Frameworks */ = {
			isa = PBXGroup;
			children = (
				2167132C73FC378CA3CB6429 /* Pods_ios_rakuten_api_demo.framework */,
				CB6263609ABA885E0000C153 /* Pods_ios_rakuten_api_demoTests.framework */,
			);
			name = Frameworks;
			sourceTree = "<group>";
		};
		A06C3DEDB6D40E926B727170 /* Pods */ = {
			isa = PBXGroup;
			children = (
				73C07387EE2C2EC8BE2ED676 /* Pods-ios-rakuten-api-demo.debug.xcconfig */,
				942EF014B934E2377ABEF38E /* Pods-ios-rakuten-api-demo.release.xcconfig */,
				03E1DC958F5C602B58AB3D69 /* Pods-ios-rakuten-api-demoTests.debug.xcconfig */,
				C5A2942E7D629F7AF99DFB02 /* Pods-ios-rakuten-api-demoTests.release.xcconfig */,
			);
			name = Pods;
			sourceTree = "<group>";
		};
		BC0716C51E565A8100FED2F4 = {
			isa = PBXGroup;
			children = (
				6CFA32617C5078630AC627CC /* Frameworks */,
				A06C3DEDB6D40E926B727170 /* Pods */,
				BC0716CF1E565A8100FED2F4 /* Products */,
				BC0716D01E565A8100FED2F4 /* ios-rakuten-api-demo */,
				BC0716E51E565A8100FED2F4 /* ios-rakuten-api-demoTests */,
			);
			sourceTree = "<group>";
		};
		BC0716CF1E565A8100FED2F4 /* Products */ = {
			isa = PBXGroup;
			children = (
				BC0716CE1E565A8100FED2F4 /* ios-rakuten-api-demo.app */,
				BC0716E21E565A8100FED2F4 /* ios-rakuten-api-demoTests.xctest */,
			);
			name = Products;
			sourceTree = "<group>";
		};
		BC0716D01E565A8100FED2F4 /* ios-rakuten-api-demo */ = {
			isa = PBXGroup;
			children = (
				BC0716F91E565CED00FED2F4 /* Controllers */,
				BC0716F81E565CE600FED2F4 /* Models */,
				BC0716FA1E565CFF00FED2F4 /* Others */,
				BC0716F11E565C0F00FED2F4 /* Utils */,
				BC0717041E56623D00FED2F4 /* Views */,
				BC0716DD1E565A8100FED2F4 /* Info.plist */,
			);
			path = "ios-rakuten-api-demo";
			sourceTree = "<group>";
		};
		BC0716E51E565A8100FED2F4 /* ios-rakuten-api-demoTests */ = {
			isa = PBXGroup;
			children = (
				BC0717031E56622D00FED2F4 /* Controllers */,
				BC0717001E5661CB00FED2F4 /* Models */,
				BC0716FB1E565D4500FED2F4 /* Utils */,
				BC0717051E56624C00FED2F4 /* Views */,
				BC0716E81E565A8100FED2F4 /* Info.plist */,
			);
			path = "ios-rakuten-api-demoTests";
			sourceTree = "<group>";
		};
		BC0716F11E565C0F00FED2F4 /* Utils */ = {
			isa = PBXGroup;
			children = (
				BC0716F21E565C1900FED2F4 /* APIClient.swift */,
				BC0716F41E565C4200FED2F4 /* NetworkManager.swift */,
				BC0716F61E565C6C00FED2F4 /* Router.swift */,
			);
			path = Utils;
			sourceTree = "<group>";
		};
		BC0716F81E565CE600FED2F4 /* Models */ = {
			isa = PBXGroup;
			children = (
				BC4892211E5688E300088AC7 /* BookItem.swift */,
				BC4892221E5688E300088AC7 /* BooksBookSearchParamsBuilder.swift */,
				BC4892231E5688E300088AC7 /* BooksBookSearchResults.swift */,
				BCE10C8B1E56ACB800A1AF3D /* BooksBookSearchLoadable.swift */,
				BCE10C8D1E56AD4100A1AF3D /* BooksBookSearchAPI.swift */,
			);
			path = Models;
			sourceTree = "<group>";
		};
		BC0716F91E565CED00FED2F4 /* Controllers */ = {
			isa = PBXGroup;
			children = (
				BC0716D51E565A8100FED2F4 /* Main.storyboard */,
				BC0716D31E565A8100FED2F4 /* ViewController.swift */,
			);
			path = Controllers;
			sourceTree = "<group>";
		};
		BC0716FA1E565CFF00FED2F4 /* Others */ = {
			isa = PBXGroup;
			children = (
				BC0716D11E565A8100FED2F4 /* AppDelegate.swift */,
				BC0716D81E565A8100FED2F4 /* Assets.xcassets */,
				BC0716DA1E565A8100FED2F4 /* LaunchScreen.storyboard */,
			);
			path = Others;
			sourceTree = "<group>";
		};
		BC0716FB1E565D4500FED2F4 /* Utils */ = {
			isa = PBXGroup;
			children = (
				BC0716FE1E5660FD00FED2F4 /* NetworkManagerTest.swift */,
				BC0716FC1E565D5E00FED2F4 /* RouterTest.swift */,
			);
			path = Utils;
			sourceTree = "<group>";
		};
		BC0717001E5661CB00FED2F4 /* Models */ = {
			isa = PBXGroup;
			children = (
				BCC3F54E1E56B04800BC1B62 /* Moc */,
				BC4892271E56891800088AC7 /* BookItemTest.swift */,
				BC48922F1E568A5F00088AC7 /* BooksBookSearchParamsBuilderTests.swift */,
				BC4892291E56891800088AC7 /* BooksBookSearchResultsTest.swift */,
				BC4892281E56891800088AC7 /* booksbook_search.json */,
				BCC3F54F1E56B06400BC1B62 /* BooksBookSearchAPITests.swift */,
			);
			path = Models;
			sourceTree = "<group>";
		};
		BC0717031E56622D00FED2F4 /* Controllers */ = {
			isa = PBXGroup;
			children = (
			);
			path = Controllers;
			sourceTree = "<group>";
		};
		BC0717041E56623D00FED2F4 /* Views */ = {
			isa = PBXGroup;
			children = (
			);
			path = Views;
			sourceTree = "<group>";
		};
		BC0717051E56624C00FED2F4 /* Views */ = {
			isa = PBXGroup;
			children = (
			);
			path = Views;
			sourceTree = "<group>";
		};
		BCC3F54E1E56B04800BC1B62 /* Moc */ = {
			isa = PBXGroup;
			children = (
				BCC3F54C1E56B00100BC1B62 /* SpyBookTotalSearchAPILoadable.swift */,
				BC48922A1E56891800088AC7 /* MocBooksBookList.swift */,
			);
			name = Moc;
			sourceTree = "<group>";
		};
/* End PBXGroup section */

/* Begin PBXNativeTarget section */
		BC0716CD1E565A8100FED2F4 /* ios-rakuten-api-demo */ = {
			isa = PBXNativeTarget;
			buildConfigurationList = BC0716EB1E565A8100FED2F4 /* Build configuration list for PBXNativeTarget "ios-rakuten-api-demo" */;
			buildPhases = (
				0A4E8195CDE002F2E6B326A7 /* [CP] Check Pods Manifest.lock */,
				BC0716CA1E565A8100FED2F4 /* Sources */,
				BC0716CB1E565A8100FED2F4 /* Frameworks */,
				BC0716CC1E565A8100FED2F4 /* Resources */,
				E4FD1C6BA00033146128CAAD /* [CP] Embed Pods Frameworks */,
				CC3BC45EC6665859C1A9F4E4 /* [CP] Copy Pods Resources */,
				BC7E3BDE1E9CA5BE00BF4D48 /* ShellScript */,
			);
			buildRules = (
			);
			dependencies = (
			);
			name = "ios-rakuten-api-demo";
			productName = "ios-rakuten-api-demo";
			productReference = BC0716CE1E565A8100FED2F4 /* ios-rakuten-api-demo.app */;
			productType = "com.apple.product-type.application";
		};
		BC0716E11E565A8100FED2F4 /* ios-rakuten-api-demoTests */ = {
			isa = PBXNativeTarget;
			buildConfigurationList = BC0716EE1E565A8100FED2F4 /* Build configuration list for PBXNativeTarget "ios-rakuten-api-demoTests" */;
			buildPhases = (
				5243B26864079A89A671C4BE /* [CP] Check Pods Manifest.lock */,
				BC0716DE1E565A8100FED2F4 /* Sources */,
				BC0716DF1E565A8100FED2F4 /* Frameworks */,
				BC0716E01E565A8100FED2F4 /* Resources */,
				A5C3977774347A7FCC18142A /* [CP] Embed Pods Frameworks */,
				1E6F9C1ADB20B85CECF0A29C /* [CP] Copy Pods Resources */,
			);
			buildRules = (
			);
			dependencies = (
				BC0716E41E565A8100FED2F4 /* PBXTargetDependency */,
			);
			name = "ios-rakuten-api-demoTests";
			productName = "ios-rakuten-api-demoTests";
			productReference = BC0716E21E565A8100FED2F4 /* ios-rakuten-api-demoTests.xctest */;
			productType = "com.apple.product-type.bundle.unit-test";
		};
/* End PBXNativeTarget section */

/* Begin PBXProject section */
		BC0716C61E565A8100FED2F4 /* Project object */ = {
			isa = PBXProject;
			attributes = {
				LastSwiftUpdateCheck = 0820;
				LastUpgradeCheck = 0830;
				ORGANIZATIONNAME = "Kushida　Eiji";
				TargetAttributes = {
					BC0716CD1E565A8100FED2F4 = {
						CreatedOnToolsVersion = 8.2.1;
						DevelopmentTeam = PCCZJUYRT6;
						ProvisioningStyle = Automatic;
					};
					BC0716E11E565A8100FED2F4 = {
						CreatedOnToolsVersion = 8.2.1;
						DevelopmentTeam = UE5DCQPTRB;
						ProvisioningStyle = Automatic;
						TestTargetID = BC0716CD1E565A8100FED2F4;
					};
				};
			};
			buildConfigurationList = BC0716C91E565A8100FED2F4 /* Build configuration list for PBXProject "ios-rakuten-api-demo" */;
			compatibilityVersion = "Xcode 3.2";
			developmentRegion = English;
			hasScannedForEncodings = 0;
			knownRegions = (
				en,
				Base,
			);
			mainGroup = BC0716C51E565A8100FED2F4;
			productRefGroup = BC0716CF1E565A8100FED2F4 /* Products */;
			projectDirPath = "";
			projectRoot = "";
			targets = (
				BC0716CD1E565A8100FED2F4 /* ios-rakuten-api-demo */,
				BC0716E11E565A8100FED2F4 /* ios-rakuten-api-demoTests */,
			);
		};
/* End PBXProject section */

/* Begin PBXResourcesBuildPhase section */
		BC0716CC1E565A8100FED2F4 /* Resources */ = {
			isa = PBXResourcesBuildPhase;
			buildActionMask = 2147483647;
			files = (
				BC0716DC1E565A8100FED2F4 /* LaunchScreen.storyboard in Resources */,
				BC0716D91E565A8100FED2F4 /* Assets.xcassets in Resources */,
				BC0716D71E565A8100FED2F4 /* Main.storyboard in Resources */,
			);
			runOnlyForDeploymentPostprocessing = 0;
		};
		BC0716E01E565A8100FED2F4 /* Resources */ = {
			isa = PBXResourcesBuildPhase;
			buildActionMask = 2147483647;
			files = (
				BC48922C1E56891800088AC7 /* booksbook_search.json in Resources */,
			);
			runOnlyForDeploymentPostprocessing = 0;
		};
/* End PBXResourcesBuildPhase section */

/* Begin PBXShellScriptBuildPhase section */
		0A4E8195CDE002F2E6B326A7 /* [CP] Check Pods Manifest.lock */ = {
			isa = PBXShellScriptBuildPhase;
			buildActionMask = 2147483647;
			files = (
			);
			inputPaths = (
			);
			name = "[CP] Check Pods Manifest.lock";
			outputPaths = (
			);
			runOnlyForDeploymentPostprocessing = 0;
			shellPath = /bin/sh;
			shellScript = "diff \"${PODS_ROOT}/../Podfile.lock\" \"${PODS_ROOT}/Manifest.lock\" > /dev/null\nif [ $? != 0 ] ; then\n    # print error to STDERR\n    echo \"error: The sandbox is not in sync with the Podfile.lock. Run 'pod install' or update your CocoaPods installation.\" >&2\n    exit 1\nfi\n";
			showEnvVarsInLog = 0;
		};
		1E6F9C1ADB20B85CECF0A29C /* [CP] Copy Pods Resources */ = {
			isa = PBXShellScriptBuildPhase;
			buildActionMask = 2147483647;
			files = (
			);
			inputPaths = (
			);
			name = "[CP] Copy Pods Resources";
			outputPaths = (
			);
			runOnlyForDeploymentPostprocessing = 0;
			shellPath = /bin/sh;
			shellScript = "\"${SRCROOT}/Pods/Target Support Files/Pods-ios-rakuten-api-demoTests/Pods-ios-rakuten-api-demoTests-resources.sh\"\n";
			showEnvVarsInLog = 0;
		};
		5243B26864079A89A671C4BE /* [CP] Check Pods Manifest.lock */ = {
			isa = PBXShellScriptBuildPhase;
			buildActionMask = 2147483647;
			files = (
			);
			inputPaths = (
			);
			name = "[CP] Check Pods Manifest.lock";
			outputPaths = (
			);
			runOnlyForDeploymentPostprocessing = 0;
			shellPath = /bin/sh;
			shellScript = "diff \"${PODS_ROOT}/../Podfile.lock\" \"${PODS_ROOT}/Manifest.lock\" > /dev/null\nif [ $? != 0 ] ; then\n    # print error to STDERR\n    echo \"error: The sandbox is not in sync with the Podfile.lock. Run 'pod install' or update your CocoaPods installation.\" >&2\n    exit 1\nfi\n";
			showEnvVarsInLog = 0;
		};
		A5C3977774347A7FCC18142A /* [CP] Embed Pods Frameworks */ = {
			isa = PBXShellScriptBuildPhase;
			buildActionMask = 2147483647;
			files = (
			);
			inputPaths = (
			);
			name = "[CP] Embed Pods Frameworks";
			outputPaths = (
			);
			runOnlyForDeploymentPostprocessing = 0;
			shellPath = /bin/sh;
			shellScript = "\"${SRCROOT}/Pods/Target Support Files/Pods-ios-rakuten-api-demoTests/Pods-ios-rakuten-api-demoTests-frameworks.sh\"\n";
			showEnvVarsInLog = 0;
		};
		BC7E3BDE1E9CA5BE00BF4D48 /* ShellScript */ = {
			isa = PBXShellScriptBuildPhase;
			buildActionMask = 2147483647;
			files = (
			);
			inputPaths = (
			);
			outputPaths = (
			);
			runOnlyForDeploymentPostprocessing = 0;
			shellPath = /bin/sh;
			shellScript = "if which swiftlint >/dev/null; then\nswiftlint\nelse\necho \"SwiftLint does not exist, download from https://github.com/realm/SwiftLint\"\nfi";
		};
		CC3BC45EC6665859C1A9F4E4 /* [CP] Copy Pods Resources */ = {
			isa = PBXShellScriptBuildPhase;
			buildActionMask = 2147483647;
			files = (
			);
			inputPaths = (
			);
			name = "[CP] Copy Pods Resources";
			outputPaths = (
			);
			runOnlyForDeploymentPostprocessing = 0;
			shellPath = /bin/sh;
			shellScript = "\"${SRCROOT}/Pods/Target Support Files/Pods-ios-rakuten-api-demo/Pods-ios-rakuten-api-demo-resources.sh\"\n";
			showEnvVarsInLog = 0;
		};
		E4FD1C6BA00033146128CAAD /* [CP] Embed Pods Frameworks */ = {
			isa = PBXShellScriptBuildPhase;
			buildActionMask = 2147483647;
			files = (
			);
			inputPaths = (
			);
			name = "[CP] Embed Pods Frameworks";
			outputPaths = (
			);
			runOnlyForDeploymentPostprocessing = 0;
			shellPath = /bin/sh;
			shellScript = "\"${SRCROOT}/Pods/Target Support Files/Pods-ios-rakuten-api-demo/Pods-ios-rakuten-api-demo-frameworks.sh\"\n";
			showEnvVarsInLog = 0;
		};
/* End PBXShellScriptBuildPhase section */

/* Begin PBXSourcesBuildPhase section */
		BC0716CA1E565A8100FED2F4 /* Sources */ = {
			isa = PBXSourcesBuildPhase;
			buildActionMask = 2147483647;
			files = (
				BCE10C8C1E56ACB800A1AF3D /* BooksBookSearchLoadable.swift in Sources */,
				BC0716F51E565C4200FED2F4 /* NetworkManager.swift in Sources */,
				BC4892251E5688E300088AC7 /* BooksBookSearchParamsBuilder.swift in Sources */,
				BC4892241E5688E300088AC7 /* BookItem.swift in Sources */,
				BC0716D41E565A8100FED2F4 /* ViewController.swift in Sources */,
				BC0716F71E565C6C00FED2F4 /* Router.swift in Sources */,
				BC0716D21E565A8100FED2F4 /* AppDelegate.swift in Sources */,
				BC4892261E5688E300088AC7 /* BooksBookSearchResults.swift in Sources */,
				BCE10C8E1E56AD4100A1AF3D /* BooksBookSearchAPI.swift in Sources */,
				BC0716F31E565C1900FED2F4 /* APIClient.swift in Sources */,
			);
			runOnlyForDeploymentPostprocessing = 0;
		};
		BC0716DE1E565A8100FED2F4 /* Sources */ = {
			isa = PBXSourcesBuildPhase;
			buildActionMask = 2147483647;
			files = (
				BC48922D1E56891800088AC7 /* BooksBookSearchResultsTest.swift in Sources */,
				BC0716FF1E5660FD00FED2F4 /* NetworkManagerTest.swift in Sources */,
				BCC3F5501E56B06400BC1B62 /* BooksBookSearchAPITests.swift in Sources */,
				BCC3F54D1E56B00100BC1B62 /* SpyBookTotalSearchAPILoadable.swift in Sources */,
				BC4892301E568A5F00088AC7 /* BooksBookSearchParamsBuilderTests.swift in Sources */,
				BC0716FD1E565D5E00FED2F4 /* RouterTest.swift in Sources */,
				BC48922B1E56891800088AC7 /* BookItemTest.swift in Sources */,
				BC48922E1E56891800088AC7 /* MocBooksBookList.swift in Sources */,
			);
			runOnlyForDeploymentPostprocessing = 0;
		};
/* End PBXSourcesBuildPhase section */

/* Begin PBXTargetDependency section */
		BC0716E41E565A8100FED2F4 /* PBXTargetDependency */ = {
			isa = PBXTargetDependency;
			target = BC0716CD1E565A8100FED2F4 /* ios-rakuten-api-demo */;
			targetProxy = BC0716E31E565A8100FED2F4 /* PBXContainerItemProxy */;
		};
/* End PBXTargetDependency section */

/* Begin PBXVariantGroup section */
		BC0716D51E565A8100FED2F4 /* Main.storyboard */ = {
			isa = PBXVariantGroup;
			children = (
				BC0716D61E565A8100FED2F4 /* Base */,
			);
			name = Main.storyboard;
			path = .;
			sourceTree = "<group>";
		};
		BC0716DA1E565A8100FED2F4 /* LaunchScreen.storyboard */ = {
			isa = PBXVariantGroup;
			children = (
				BC0716DB1E565A8100FED2F4 /* Base */,
			);
			name = LaunchScreen.storyboard;
			path = .;
			sourceTree = "<group>";
		};
/* End PBXVariantGroup section */

/* Begin XCBuildConfiguration section */
		BC0716E91E565A8100FED2F4 /* Debug */ = {
			isa = XCBuildConfiguration;
			buildSettings = {
				ALWAYS_SEARCH_USER_PATHS = NO;
				CLANG_ANALYZER_NONNULL = YES;
				CLANG_CXX_LANGUAGE_STANDARD = "gnu++0x";
				CLANG_CXX_LIBRARY = "libc++";
				CLANG_ENABLE_MODULES = YES;
				CLANG_ENABLE_OBJC_ARC = YES;
				CLANG_WARN_BOOL_CONVERSION = YES;
				CLANG_WARN_CONSTANT_CONVERSION = YES;
				CLANG_WARN_DIRECT_OBJC_ISA_USAGE = YES_ERROR;
				CLANG_WARN_DOCUMENTATION_COMMENTS = YES;
				CLANG_WARN_EMPTY_BODY = YES;
				CLANG_WARN_ENUM_CONVERSION = YES;
				CLANG_WARN_INFINITE_RECURSION = YES;
				CLANG_WARN_INT_CONVERSION = YES;
				CLANG_WARN_OBJC_ROOT_CLASS = YES_ERROR;
				CLANG_WARN_SUSPICIOUS_MOVE = YES;
				CLANG_WARN_UNREACHABLE_CODE = YES;
				CLANG_WARN__DUPLICATE_METHOD_MATCH = YES;
				"CODE_SIGN_IDENTITY[sdk=iphoneos*]" = "iPhone Developer";
				COPY_PHASE_STRIP = NO;
				DEBUG_INFORMATION_FORMAT = dwarf;
				ENABLE_STRICT_OBJC_MSGSEND = YES;
				ENABLE_TESTABILITY = YES;
				GCC_C_LANGUAGE_STANDARD = gnu99;
				GCC_DYNAMIC_NO_PIC = NO;
				GCC_NO_COMMON_BLOCKS = YES;
				GCC_OPTIMIZATION_LEVEL = 0;
				GCC_PREPROCESSOR_DEFINITIONS = (
					"DEBUG=1",
					"$(inherited)",
				);
				GCC_WARN_64_TO_32_BIT_CONVERSION = YES;
				GCC_WARN_ABOUT_RETURN_TYPE = YES_ERROR;
				GCC_WARN_UNDECLARED_SELECTOR = YES;
				GCC_WARN_UNINITIALIZED_AUTOS = YES_AGGRESSIVE;
				GCC_WARN_UNUSED_FUNCTION = YES;
				GCC_WARN_UNUSED_VARIABLE = YES;
				IPHONEOS_DEPLOYMENT_TARGET = 10.2;
				MTL_ENABLE_DEBUG_INFO = YES;
				ONLY_ACTIVE_ARCH = YES;
				SDKROOT = iphoneos;
				SWIFT_ACTIVE_COMPILATION_CONDITIONS = DEBUG;
				SWIFT_OPTIMIZATION_LEVEL = "-Onone";
			};
			name = Debug;
		};
		BC0716EA1E565A8100FED2F4 /* Release */ = {
			isa = XCBuildConfiguration;
			buildSettings = {
				ALWAYS_SEARCH_USER_PATHS = NO;
				CLANG_ANALYZER_NONNULL = YES;
				CLANG_CXX_LANGUAGE_STANDARD = "gnu++0x";
				CLANG_CXX_LIBRARY = "libc++";
				CLANG_ENABLE_MODULES = YES;
				CLANG_ENABLE_OBJC_ARC = YES;
				CLANG_WARN_BOOL_CONVERSION = YES;
				CLANG_WARN_CONSTANT_CONVERSION = YES;
				CLANG_WARN_DIRECT_OBJC_ISA_USAGE = YES_ERROR;
				CLANG_WARN_DOCUMENTATION_COMMENTS = YES;
				CLANG_WARN_EMPTY_BODY = YES;
				CLANG_WARN_ENUM_CONVERSION = YES;
				CLANG_WARN_INFINITE_RECURSION = YES;
				CLANG_WARN_INT_CONVERSION = YES;
				CLANG_WARN_OBJC_ROOT_CLASS = YES_ERROR;
				CLANG_WARN_SUSPICIOUS_MOVE = YES;
				CLANG_WARN_UNREACHABLE_CODE = YES;
				CLANG_WARN__DUPLICATE_METHOD_MATCH = YES;
				"CODE_SIGN_IDENTITY[sdk=iphoneos*]" = "iPhone Developer";
				COPY_PHASE_STRIP = NO;
				DEBUG_INFORMATION_FORMAT = "dwarf-with-dsym";
				ENABLE_NS_ASSERTIONS = NO;
				ENABLE_STRICT_OBJC_MSGSEND = YES;
				GCC_C_LANGUAGE_STANDARD = gnu99;
				GCC_NO_COMMON_BLOCKS = YES;
				GCC_WARN_64_TO_32_BIT_CONVERSION = YES;
				GCC_WARN_ABOUT_RETURN_TYPE = YES_ERROR;
				GCC_WARN_UNDECLARED_SELECTOR = YES;
				GCC_WARN_UNINITIALIZED_AUTOS = YES_AGGRESSIVE;
				GCC_WARN_UNUSED_FUNCTION = YES;
				GCC_WARN_UNUSED_VARIABLE = YES;
				IPHONEOS_DEPLOYMENT_TARGET = 10.2;
				MTL_ENABLE_DEBUG_INFO = NO;
				SDKROOT = iphoneos;
				SWIFT_OPTIMIZATION_LEVEL = "-Owholemodule";
				VALIDATE_PRODUCT = YES;
			};
			name = Release;
		};
		BC0716EC1E565A8100FED2F4 /* Debug */ = {
			isa = XCBuildConfiguration;
			baseConfigurationReference = 73C07387EE2C2EC8BE2ED676 /* Pods-ios-rakuten-api-demo.debug.xcconfig */;
			buildSettings = {
				ALWAYS_EMBED_SWIFT_STANDARD_LIBRARIES = YES;
				ASSETCATALOG_COMPILER_APPICON_NAME = AppIcon;
				DEVELOPMENT_TEAM = PCCZJUYRT6;
				INFOPLIST_FILE = "ios-rakuten-api-demo/Info.plist";
				LD_RUNPATH_SEARCH_PATHS = "$(inherited) @executable_path/Frameworks";
				PRODUCT_BUNDLE_IDENTIFIER = "jp.st-ventures.ios-rakuten-api-demo";
				PRODUCT_NAME = "$(TARGET_NAME)";
				SWIFT_VERSION = 3.0;
			};
			name = Debug;
		};
		BC0716ED1E565A8100FED2F4 /* Release */ = {
			isa = XCBuildConfiguration;
			baseConfigurationReference = 942EF014B934E2377ABEF38E /* Pods-ios-rakuten-api-demo.release.xcconfig */;
			buildSettings = {
				ALWAYS_EMBED_SWIFT_STANDARD_LIBRARIES = YES;
				ASSETCATALOG_COMPILER_APPICON_NAME = AppIcon;
				DEVELOPMENT_TEAM = PCCZJUYRT6;
				INFOPLIST_FILE = "ios-rakuten-api-demo/Info.plist";
				LD_RUNPATH_SEARCH_PATHS = "$(inherited) @executable_path/Frameworks";
				PRODUCT_BUNDLE_IDENTIFIER = "jp.st-ventures.ios-rakuten-api-demo";
				PRODUCT_NAME = "$(TARGET_NAME)";
				SWIFT_VERSION = 3.0;
			};
			name = Release;
		};
		BC0716EF1E565A8100FED2F4 /* Debug */ = {
			isa = XCBuildConfiguration;
			baseConfigurationReference = 03E1DC958F5C602B58AB3D69 /* Pods-ios-rakuten-api-demoTests.debug.xcconfig */;
			buildSettings = {
				ALWAYS_EMBED_SWIFT_STANDARD_LIBRARIES = YES;
				BUNDLE_LOADER = "$(TEST_HOST)";
				DEVELOPMENT_TEAM = UE5DCQPTRB;
				INFOPLIST_FILE = "ios-rakuten-api-demoTests/Info.plist";
				LD_RUNPATH_SEARCH_PATHS = "$(inherited) @executable_path/Frameworks @loader_path/Frameworks";
				PRODUCT_BUNDLE_IDENTIFIER = "jp.st-ventures.ios-rakuten-api-demoTests";
				PRODUCT_NAME = "$(TARGET_NAME)";
				SWIFT_VERSION = 3.0;
				TEST_HOST = "$(BUILT_PRODUCTS_DIR)/ios-rakuten-api-demo.app/ios-rakuten-api-demo";
			};
			name = Debug;
		};
		BC0716F01E565A8100FED2F4 /* Release */ = {
			isa = XCBuildConfiguration;
			baseConfigurationReference = C5A2942E7D629F7AF99DFB02 /* Pods-ios-rakuten-api-demoTests.release.xcconfig */;
			buildSettings = {
				ALWAYS_EMBED_SWIFT_STANDARD_LIBRARIES = YES;
				BUNDLE_LOADER = "$(TEST_HOST)";
				DEVELOPMENT_TEAM = UE5DCQPTRB;
				INFOPLIST_FILE = "ios-rakuten-api-demoTests/Info.plist";
				LD_RUNPATH_SEARCH_PATHS = "$(inherited) @executable_path/Frameworks @loader_path/Frameworks";
				PRODUCT_BUNDLE_IDENTIFIER = "jp.st-ventures.ios-rakuten-api-demoTests";
				PRODUCT_NAME = "$(TARGET_NAME)";
				SWIFT_VERSION = 3.0;
				TEST_HOST = "$(BUILT_PRODUCTS_DIR)/ios-rakuten-api-demo.app/ios-rakuten-api-demo";
			};
			name = Release;
		};
/* End XCBuildConfiguration section */

/* Begin XCConfigurationList section */
		BC0716C91E565A8100FED2F4 /* Build configuration list for PBXProject "ios-rakuten-api-demo" */ = {
			isa = XCConfigurationList;
			buildConfigurations = (
				BC0716E91E565A8100FED2F4 /* Debug */,
				BC0716EA1E565A8100FED2F4 /* Release */,
			);
			defaultConfigurationIsVisible = 0;
			defaultConfigurationName = Release;
		};
		BC0716EB1E565A8100FED2F4 /* Build configuration list for PBXNativeTarget "ios-rakuten-api-demo" */ = {
			isa = XCConfigurationList;
			buildConfigurations = (
				BC0716EC1E565A8100FED2F4 /* Debug */,
				BC0716ED1E565A8100FED2F4 /* Release */,
			);
			defaultConfigurationIsVisible = 0;
			defaultConfigurationName = Release;
		};
		BC0716EE1E565A8100FED2F4 /* Build configuration list for PBXNativeTarget "ios-rakuten-api-demoTests" */ = {
			isa = XCConfigurationList;
			buildConfigurations = (
				BC0716EF1E565A8100FED2F4 /* Debug */,
				BC0716F01E565A8100FED2F4 /* Release */,
			);
			defaultConfigurationIsVisible = 0;
			defaultConfigurationName = Release;
		};
/* End XCConfigurationList section */
	};
	rootObject = BC0716C61E565A8100FED2F4 /* Project object */;
}
